
Microsoft Visual Studio Solution File, Format Version 12.00
# Visual Studio Version 16
VisualStudioVersion = 16.0.29519.181
MinimumVisualStudioVersion = 10.0.40219.1
Project("{2150E333-8FDC-42A3-9474-1A3956D46DE8}") = "Presentation", "Presentation", "{64B16B25-852E-4213-B8D9-FAB1C13D1DBF}"
EndProject
Project("{FAE04EC0-301F-11D3-BF4B-00C04F79EFBC}") = "ITDeveloper.CursoAspNetCore.Presentation", "src\ITDeveloper.CursoAspNetCore.Presentation\ITDeveloper.CursoAspNetCore.Presentation.csproj", "{72BC7208-617E-4607-BF09-2ED08261111F}"
EndProject
Global
	GlobalSection(SolutionConfigurationPlatforms) = preSolution
		Debug|Any CPU = Debug|Any CPU
		Release|Any CPU = Release|Any CPU
	EndGlobalSection
	GlobalSection(ProjectConfigurationPlatforms) = postSolution
		{72BC7208-617E-4607-BF09-2ED08261111F}.Debug|Any CPU.ActiveCfg = Debug|Any CPU
		{72BC7208-617E-4607-BF09-2ED08261111F}.Debug|Any CPU.Build.0 = Debug|Any CPU
		{72BC7208-617E-4607-BF09-2ED08261111F}.Release|Any CPU.ActiveCfg = Release|Any CPU
		{72BC7208-617E-4607-BF09-2ED08261111F}.Release|Any CPU.Build.0 = Release|Any CPU
	EndGlobalSection
	GlobalSection(SolutionProperties) = preSolution
		HideSolutionNode = FALSE
	EndGlobalSection
	GlobalSection(NestedProjects) = preSolution
		{72BC7208-617E-4607-BF09-2ED08261111F} = {64B16B25-852E-4213-B8D9-FAB1C13D1DBF}
	EndGlobalSection
	GlobalSection(ExtensibilityGlobals) = postSolution
		SolutionGuid = {6C2CA7A1-672C-4E70-9CE5-73B6B09394A1}
	EndGlobalSection
EndGlobal
