
Microsoft Visual Studio Solution File, Format Version 12.00
# Visual Studio Version 16
VisualStudioVersion = 16.0.29519.181
MinimumVisualStudioVersion = 10.0.40219.1
Project("{FAE04EC0-301F-11D3-BF4B-00C04F79EFBC}") = "Id.Overview.Mvc", "Id.Overview.Mvc\Id.Overview.Mvc.csproj", "{BCCCD179-B308-44F1-9813-F011823E1A7C}"
EndProject
Global
	GlobalSection(SolutionConfigurationPlatforms) = preSolution
		Debug|Any CPU = Debug|Any CPU
		Release|Any CPU = Release|Any CPU
	EndGlobalSection
	GlobalSection(ProjectConfigurationPlatforms) = postSolution
		{BCCCD179-B308-44F1-9813-F011823E1A7C}.Debug|Any CPU.ActiveCfg = Debug|Any CPU
		{BCCCD179-B308-44F1-9813-F011823E1A7C}.Debug|Any CPU.Build.0 = Debug|Any CPU
		{BCCCD179-B308-44F1-9813-F011823E1A7C}.Release|Any CPU.ActiveCfg = Release|Any CPU
		{BCCCD179-B308-44F1-9813-F011823E1A7C}.Release|Any CPU.Build.0 = Release|Any CPU
	EndGlobalSection
	GlobalSection(SolutionProperties) = preSolution
		HideSolutionNode = FALSE
	EndGlobalSection
	GlobalSection(ExtensibilityGlobals) = postSolution
		SolutionGuid = {BF5D868E-819A-4E10-AD0C-47F847BDECFD}
	EndGlobalSection
EndGlobal
