
Microsoft Visual Studio Solution File, Format Version 12.00
# Visual Studio Version 16
VisualStudioVersion = 16.0.29728.190
MinimumVisualStudioVersion = 10.0.40219.1
Project("{2150E333-8FDC-42A3-9474-1A3956D46DE8}") = "Presentations", "Presentations", "{472B63F4-704A-445E-8DEF-6951DF876149}"
EndProject
Project("{FAE04EC0-301F-11D3-BF4B-00C04F79EFBC}") = "ITDeveloper.CursoAspNetCore.Presentation", "src\ITDeveloper.CursoAspNetCore.Presentation\ITDeveloper.CursoAspNetCore.Presentation.csproj", "{DE506BA7-AD78-4F9B-8F82-471CEB8368D4}"
EndProject
Global
	GlobalSection(SolutionConfigurationPlatforms) = preSolution
		Debug|Any CPU = Debug|Any CPU
		Release|Any CPU = Release|Any CPU
	EndGlobalSection
	GlobalSection(ProjectConfigurationPlatforms) = postSolution
		{DE506BA7-AD78-4F9B-8F82-471CEB8368D4}.Debug|Any CPU.ActiveCfg = Debug|Any CPU
		{DE506BA7-AD78-4F9B-8F82-471CEB8368D4}.Debug|Any CPU.Build.0 = Debug|Any CPU
		{DE506BA7-AD78-4F9B-8F82-471CEB8368D4}.Release|Any CPU.ActiveCfg = Release|Any CPU
		{DE506BA7-AD78-4F9B-8F82-471CEB8368D4}.Release|Any CPU.Build.0 = Release|Any CPU
	EndGlobalSection
	GlobalSection(SolutionProperties) = preSolution
		HideSolutionNode = FALSE
	EndGlobalSection
	GlobalSection(NestedProjects) = preSolution
		{DE506BA7-AD78-4F9B-8F82-471CEB8368D4} = {472B63F4-704A-445E-8DEF-6951DF876149}
	EndGlobalSection
	GlobalSection(ExtensibilityGlobals) = postSolution
		SolutionGuid = {91E2FB38-3E98-4407-A643-2BC8EB529BFC}
	EndGlobalSection
EndGlobal
